
Microsoft Visual Studio Solution File, Format Version 12.00
# Visual Studio Version 17
VisualStudioVersion = 17.4.33213.308
MinimumVisualStudioVersion = 10.0.40219.1
Project("{FAE04EC0-301F-11D3-BF4B-00C04F79EFBC}") = "TestAPI", "TestAPI.csproj", "{22182A2C-F615-435D-AF95-F70D6345E1D8}"
EndProject
Global
	GlobalSection(SolutionConfigurationPlatforms) = preSolution
		Debug|Any CPU = Debug|Any CPU
		Release|Any CPU = Release|Any CPU
	EndGlobalSection
	GlobalSection(ProjectConfigurationPlatforms) = postSolution
		{22182A2C-F615-435D-AF95-F70D6345E1D8}.Debug|Any CPU.ActiveCfg = Debug|Any CPU
		{22182A2C-F615-435D-AF95-F70D6345E1D8}.Debug|Any CPU.Build.0 = Debug|Any CPU
		{22182A2C-F615-435D-AF95-F70D6345E1D8}.Release|Any CPU.ActiveCfg = Release|Any CPU
		{22182A2C-F615-435D-AF95-F70D6345E1D8}.Release|Any CPU.Build.0 = Release|Any CPU
	EndGlobalSection
	GlobalSection(SolutionProperties) = preSolution
		HideSolutionNode = FALSE
	EndGlobalSection
	GlobalSection(ExtensibilityGlobals) = postSolution
		SolutionGuid = {5621EAEB-8EBE-4678-98A2-E193A32128F6}
	EndGlobalSection
EndGlobal
